
Microsoft Visual Studio Solution File, Format Version 12.00
# Visual Studio Version 18
VisualStudioVersion = 18.8.12105.206
MinimumVisualStudioVersion = 10.0.40219.1
Project("{2150E333-8FDC-42A3-9474-1A3956D46DE8}") = "Solution Items", "Solution Items", "{9B921E44-B514-47FD-83C2-202C60187A8A}"
	ProjectSection(SolutionItems) = preProject
		..\azure-pipelines.yml = ..\azure-pipelines.yml
		README.md = README.md
	EndProjectSection
EndProject
Project("{FAE04EC0-301F-11D3-BF4B-00C04F79EFBC}") = "jquery.dynamiclist.web", "jquery.dynamiclist.web\jquery.dynamiclist.web.csproj", "{F254B6BE-A8F4-4DBE-AD59-27C819379E29}"
EndProject
Global
	GlobalSection(SolutionConfigurationPlatforms) = preSolution
		Debug|Any CPU = Debug|Any CPU
		Release|Any CPU = Release|Any CPU
	EndGlobalSection
	GlobalSection(ProjectConfigurationPlatforms) = postSolution
		{F254B6BE-A8F4-4DBE-AD59-27C819379E29}.Debug|Any CPU.ActiveCfg = Debug|Any CPU
		{F254B6BE-A8F4-4DBE-AD59-27C819379E29}.Debug|Any CPU.Build.0 = Debug|Any CPU
		{F254B6BE-A8F4-4DBE-AD59-27C819379E29}.Release|Any CPU.ActiveCfg = Release|Any CPU
		{F254B6BE-A8F4-4DBE-AD59-27C819379E29}.Release|Any CPU.Build.0 = Release|Any CPU
	EndGlobalSection
	GlobalSection(SolutionProperties) = preSolution
		HideSolutionNode = FALSE
	EndGlobalSection
	GlobalSection(ExtensibilityGlobals) = postSolution
		SolutionGuid = {A3B6DDE6-2D1A-4C48-AEDE-AA310B77B733}
	EndGlobalSection
EndGlobal
